
Microsoft Visual Studio Solution File, Format Version 12.00
# Visual Studio Version 16
VisualStudioVersion = 16.0.33927.289
MinimumVisualStudioVersion = 10.0.40219.1
Project("{2150E333-8FDC-42A3-9474-1A3956D46DE8}") = "Task0", "Task0", "{0CB74CD1-88FA-4556-A542-5B49BC00DEBC}"
EndProject
Project("{FAE04EC0-301F-11D3-BF4B-00C04F79EFBC}") = "Tyuiu.DolgushinVA.Sprint0.Task0.V0", "Tyuiu.DolgushinVA.Sprint0.Task0.V0\Tyuiu.DolgushinVA.Sprint0.Task0.V0.csproj", "{552A0943-7864-4D03-A972-5282C93E28D1}"
EndProject
Project("{2150E333-8FDC-42A3-9474-1A3956D46DE8}") = "Task1", "Task1", "{65975466-806A-4CA3-9840-048216B087C7}"
EndProject
Project("{FAE04EC0-301F-11D3-BF4B-00C04F79EFBC}") = "Tyuiu.DolgushinVA.Sprint0.Task1.V0", "Tyuiu.DolgushinVA.Sprint0.Task1.V0\Tyuiu.DolgushinVA.Sprint0.Task1.V0.csproj", "{4BEF304B-807E-461B-9561-BF19CD2B0DC8}"
EndProject
Project("{2150E333-8FDC-42A3-9474-1A3956D46DE8}") = "Task2", "Task2", "{E627F6F1-BCC5-4BB9-AAD7-680FEC2AC6C8}"
EndProject
Project("{FAE04EC0-301F-11D3-BF4B-00C04F79EFBC}") = "Tyuiu.DolgushinVA.Sprint0.Task2.V0", "Tyuiu.DolgushinVA.Sprint0.Task2.V0\Tyuiu.DolgushinVA.Sprint0.Task2.V0.csproj", "{7DC3D184-D029-47FA-9BD8-DB7B99775B46}"
EndProject
Project("{FAE04EC0-301F-11D3-BF4B-00C04F79EFBC}") = "Tyuiu.DolgushinVA.Sprint0.Task2.V0.Lib", "Tyuiu.DolgushinVA.Sprint0.Task2.V0.Lib\Tyuiu.DolgushinVA.Sprint0.Task2.V0.Lib.csproj", "{B1CAFB88-497D-4172-A4B7-F34376A96B15}"
EndProject
Project("{FAE04EC0-301F-11D3-BF4B-00C04F79EFBC}") = "Tyuiu.DolgushinVA.Sprint0.Task2.V0.Test", "Tyuiu.DolgushinVA.Sprint0.Task2.V0.Test\Tyuiu.DolgushinVA.Sprint0.Task2.V0.Test.csproj", "{47352CE7-1D81-487A-9AE2-38D1DF8ED3DB}"
EndProject
Project("{2150E333-8FDC-42A3-9474-1A3956D46DE8}") = "Task3", "Task3", "{A4E83982-E82F-43BC-A5E2-FFB6CE989F36}"
EndProject
Project("{FAE04EC0-301F-11D3-BF4B-00C04F79EFBC}") = "Tyuiu.DolgushinVA.Sprint0.Task3.V0", "Tyuiu.DolgushinVA.Sprint0.Task3.V0\Tyuiu.DolgushinVA.Sprint0.Task3.V0.csproj", "{2C3061BC-BD5F-4CC0-9AD6-6234157A61F5}"
EndProject
Project("{FAE04EC0-301F-11D3-BF4B-00C04F79EFBC}") = "Tyuiu.DolgushinVA.Sprint0.Task3.V0.Lib", "Tyuiu.DolgushinVA.Sprint0.Task3.V0.Lib\Tyuiu.DolgushinVA.Sprint0.Task3.V0.Lib.csproj", "{7A98C1B3-A839-47F3-A9F8-B6A749D0A49E}"
EndProject
Project("{FAE04EC0-301F-11D3-BF4B-00C04F79EFBC}") = "Tyuiu.DolgushinVA.Sprint0.Task3.V0.Test", "Tyuiu.DolgushinVA.Sprint0.Task3.V0.Test\Tyuiu.DolgushinVA.Sprint0.Task3.V0.Test.csproj", "{26716220-4E0F-4349-BCD9-078429F742A6}"
EndProject
Global
	GlobalSection(SolutionConfigurationPlatforms) = preSolution
		Debug|Any CPU = Debug|Any CPU
		Release|Any CPU = Release|Any CPU
	EndGlobalSection
	GlobalSection(ProjectConfigurationPlatforms) = postSolution
		{552A0943-7864-4D03-A972-5282C93E28D1}.Debug|Any CPU.ActiveCfg = Debug|Any CPU
		{552A0943-7864-4D03-A972-5282C93E28D1}.Debug|Any CPU.Build.0 = Debug|Any CPU
		{552A0943-7864-4D03-A972-5282C93E28D1}.Release|Any CPU.ActiveCfg = Release|Any CPU
		{552A0943-7864-4D03-A972-5282C93E28D1}.Release|Any CPU.Build.0 = Release|Any CPU
		{4BEF304B-807E-461B-9561-BF19CD2B0DC8}.Debug|Any CPU.ActiveCfg = Debug|Any CPU
		{4BEF304B-807E-461B-9561-BF19CD2B0DC8}.Debug|Any CPU.Build.0 = Debug|Any CPU
		{4BEF304B-807E-461B-9561-BF19CD2B0DC8}.Release|Any CPU.ActiveCfg = Release|Any CPU
		{4BEF304B-807E-461B-9561-BF19CD2B0DC8}.Release|Any CPU.Build.0 = Release|Any CPU
		{7DC3D184-D029-47FA-9BD8-DB7B99775B46}.Debug|Any CPU.ActiveCfg = Debug|Any CPU
		{7DC3D184-D029-47FA-9BD8-DB7B99775B46}.Debug|Any CPU.Build.0 = Debug|Any CPU
		{7DC3D184-D029-47FA-9BD8-DB7B99775B46}.Release|Any CPU.ActiveCfg = Release|Any CPU
		{7DC3D184-D029-47FA-9BD8-DB7B99775B46}.Release|Any CPU.Build.0 = Release|Any CPU
		{B1CAFB88-497D-4172-A4B7-F34376A96B15}.Debug|Any CPU.ActiveCfg = Debug|Any CPU
		{B1CAFB88-497D-4172-A4B7-F34376A96B15}.Debug|Any CPU.Build.0 = Debug|Any CPU
		{B1CAFB88-497D-4172-A4B7-F34376A96B15}.Release|Any CPU.ActiveCfg = Release|Any CPU
		{B1CAFB88-497D-4172-A4B7-F34376A96B15}.Release|Any CPU.Build.0 = Release|Any CPU
		{47352CE7-1D81-487A-9AE2-38D1DF8ED3DB}.Debug|Any CPU.ActiveCfg = Debug|Any CPU
		{47352CE7-1D81-487A-9AE2-38D1DF8ED3DB}.Debug|Any CPU.Build.0 = Debug|Any CPU
		{47352CE7-1D81-487A-9AE2-38D1DF8ED3DB}.Release|Any CPU.ActiveCfg = Release|Any CPU
		{47352CE7-1D81-487A-9AE2-38D1DF8ED3DB}.Release|Any CPU.Build.0 = Release|Any CPU
		{2C3061BC-BD5F-4CC0-9AD6-6234157A61F5}.Debug|Any CPU.ActiveCfg = Debug|Any CPU
		{2C3061BC-BD5F-4CC0-9AD6-6234157A61F5}.Debug|Any CPU.Build.0 = Debug|Any CPU
		{2C3061BC-BD5F-4CC0-9AD6-6234157A61F5}.Release|Any CPU.ActiveCfg = Release|Any CPU
		{2C3061BC-BD5F-4CC0-9AD6-6234157A61F5}.Release|Any CPU.Build.0 = Release|Any CPU
		{7A98C1B3-A839-47F3-A9F8-B6A749D0A49E}.Debug|Any CPU.ActiveCfg = Debug|Any CPU
		{7A98C1B3-A839-47F3-A9F8-B6A749D0A49E}.Debug|Any CPU.Build.0 = Debug|Any CPU
		{7A98C1B3-A839-47F3-A9F8-B6A749D0A49E}.Release|Any CPU.ActiveCfg = Release|Any CPU
		{7A98C1B3-A839-47F3-A9F8-B6A749D0A49E}.Release|Any CPU.Build.0 = Release|Any CPU
		{26716220-4E0F-4349-BCD9-078429F742A6}.Debug|Any CPU.ActiveCfg = Debug|Any CPU
		{26716220-4E0F-4349-BCD9-078429F742A6}.Debug|Any CPU.Build.0 = Debug|Any CPU
		{26716220-4E0F-4349-BCD9-078429F742A6}.Release|Any CPU.ActiveCfg = Release|Any CPU
		{26716220-4E0F-4349-BCD9-078429F742A6}.Release|Any CPU.Build.0 = Release|Any CPU
	EndGlobalSection
	GlobalSection(SolutionProperties) = preSolution
		HideSolutionNode = FALSE
	EndGlobalSection
	GlobalSection(NestedProjects) = preSolution
		{552A0943-7864-4D03-A972-5282C93E28D1} = {0CB74CD1-88FA-4556-A542-5B49BC00DEBC}
		{4BEF304B-807E-461B-9561-BF19CD2B0DC8} = {65975466-806A-4CA3-9840-048216B087C7}
		{7DC3D184-D029-47FA-9BD8-DB7B99775B46} = {E627F6F1-BCC5-4BB9-AAD7-680FEC2AC6C8}
		{B1CAFB88-497D-4172-A4B7-F34376A96B15} = {E627F6F1-BCC5-4BB9-AAD7-680FEC2AC6C8}
		{47352CE7-1D81-487A-9AE2-38D1DF8ED3DB} = {E627F6F1-BCC5-4BB9-AAD7-680FEC2AC6C8}
		{2C3061BC-BD5F-4CC0-9AD6-6234157A61F5} = {A4E83982-E82F-43BC-A5E2-FFB6CE989F36}
		{7A98C1B3-A839-47F3-A9F8-B6A749D0A49E} = {A4E83982-E82F-43BC-A5E2-FFB6CE989F36}
		{26716220-4E0F-4349-BCD9-078429F742A6} = {A4E83982-E82F-43BC-A5E2-FFB6CE989F36}
	EndGlobalSection
	GlobalSection(ExtensibilityGlobals) = postSolution
		SolutionGuid = {CD9892D9-C2DB-4797-85D0-EB636A71686B}
	EndGlobalSection
EndGlobal
